
Microsoft Visual Studio Solution File, Format Version 12.00
# Visual Studio Version 16
VisualStudioVersion = 16.0.33130.400
MinimumVisualStudioVersion = 10.0.40219.1
Project("{9A19103F-16F7-4668-BE54-9A1E7A4F7556}") = "AmazonProject", "AmazonProject\AmazonProject.csproj", "{A9EDBF17-8E7A-4824-81D5-10BF2C79FBCD}"
EndProject
Global
	GlobalSection(SolutionConfigurationPlatforms) = preSolution
		Debug|Any CPU = Debug|Any CPU
		Release|Any CPU = Release|Any CPU
	EndGlobalSection
	GlobalSection(ProjectConfigurationPlatforms) = postSolution
		{A9EDBF17-8E7A-4824-81D5-10BF2C79FBCD}.Debug|Any CPU.ActiveCfg = Debug|Any CPU
		{A9EDBF17-8E7A-4824-81D5-10BF2C79FBCD}.Debug|Any CPU.Build.0 = Debug|Any CPU
		{A9EDBF17-8E7A-4824-81D5-10BF2C79FBCD}.Release|Any CPU.ActiveCfg = Release|Any CPU
		{A9EDBF17-8E7A-4824-81D5-10BF2C79FBCD}.Release|Any CPU.Build.0 = Release|Any CPU
	EndGlobalSection
	GlobalSection(SolutionProperties) = preSolution
		HideSolutionNode = FALSE
	EndGlobalSection
	GlobalSection(ExtensibilityGlobals) = postSolution
		SolutionGuid = {788FC1DA-CAD4-4888-929E-C10EAF479FE8}
	EndGlobalSection
EndGlobal
